{
  "name": "anatevka.github.io",
  "lockfileVersion": 3,
  "requires": true,
  "packages": {
    "": {
      "dependencies": {
        "my-constellation-bg": "^2.1.3"
      }
    },
    "node_modules/my-constellation-bg": {
      "version": "2.1.3",
      "resolved": "https://registry.npmjs.org/my-constellation-bg/-/my-constellation-bg-2.1.3.tgz",
      "integrity": "sha512-IsviEijUKV7fr3bN8eqSVHtw7JR4G/IbfvRaMDZb9/cRd/r+4/TBPi0NEGQkjXJNKv3friQ2+O//dWFyJ5cx9w==",
      "engines": {
        "node": ">=14.0.0"
      },
      "funding": {
        "type": "github",
        "url": "https://github.com/sponsors/anupamraj176"
      }
    }
  }
}
